
Microsoft Visual Studio Solution File, Format Version 12.00
# Visual Studio Version 17
VisualStudioVersion = 17.3.32901.215
MinimumVisualStudioVersion = 10.0.40219.1
Project("{9A19103F-16F7-4668-BE54-9A1E7A4F7556}") = "Opdracht1", "Opdracht1\Opdracht1.csproj", "{98FE6C01-052B-4707-9DB1-3263DF835FF2}"
EndProject
Project("{9A19103F-16F7-4668-BE54-9A1E7A4F7556}") = "opracht2", "opracht2\opracht2.csproj", "{5CD3EDC2-492D-4792-AFD5-1595837D98DF}"
EndProject
Project("{9A19103F-16F7-4668-BE54-9A1E7A4F7556}") = "Opdracht4", "Opdracht4\Opdracht4.csproj", "{682A76C9-B938-46DE-B253-7AF6A812FD13}"
EndProject
Project("{FAE04EC0-301F-11D3-BF4B-00C04F79EFBC}") = "Opdracht3", "Opdracht3\Opdracht3.csproj", "{61EDE0D9-F3F7-46CF-9E2F-AE8BE12933D8}"
EndProject
Project("{9A19103F-16F7-4668-BE54-9A1E7A4F7556}") = "Opdracht5", "Opdracht5\Opdracht5.csproj", "{CE911BFE-F7CB-4BDC-AC53-7D3E86457BFA}"
EndProject
Project("{9A19103F-16F7-4668-BE54-9A1E7A4F7556}") = "Opdracht6", "Opdracht6\Opdracht6.csproj", "{FC953C4A-9376-4536-B7FD-2BDD1E2063EB}"
EndProject
Project("{FAE04EC0-301F-11D3-BF4B-00C04F79EFBC}") = "Opdracht7", "Opdracht7\Opdracht7.csproj", "{38760D07-400C-4F44-BA4C-E2FD54B94580}"
EndProject
Global
	GlobalSection(SolutionConfigurationPlatforms) = preSolution
		Debug|Any CPU = Debug|Any CPU
		Release|Any CPU = Release|Any CPU
	EndGlobalSection
	GlobalSection(ProjectConfigurationPlatforms) = postSolution
		{98FE6C01-052B-4707-9DB1-3263DF835FF2}.Debug|Any CPU.ActiveCfg = Debug|Any CPU
		{98FE6C01-052B-4707-9DB1-3263DF835FF2}.Debug|Any CPU.Build.0 = Debug|Any CPU
		{98FE6C01-052B-4707-9DB1-3263DF835FF2}.Release|Any CPU.ActiveCfg = Release|Any CPU
		{98FE6C01-052B-4707-9DB1-3263DF835FF2}.Release|Any CPU.Build.0 = Release|Any CPU
		{5CD3EDC2-492D-4792-AFD5-1595837D98DF}.Debug|Any CPU.ActiveCfg = Debug|Any CPU
		{5CD3EDC2-492D-4792-AFD5-1595837D98DF}.Debug|Any CPU.Build.0 = Debug|Any CPU
		{5CD3EDC2-492D-4792-AFD5-1595837D98DF}.Release|Any CPU.ActiveCfg = Release|Any CPU
		{5CD3EDC2-492D-4792-AFD5-1595837D98DF}.Release|Any CPU.Build.0 = Release|Any CPU
		{682A76C9-B938-46DE-B253-7AF6A812FD13}.Debug|Any CPU.ActiveCfg = Debug|Any CPU
		{682A76C9-B938-46DE-B253-7AF6A812FD13}.Debug|Any CPU.Build.0 = Debug|Any CPU
		{682A76C9-B938-46DE-B253-7AF6A812FD13}.Release|Any CPU.ActiveCfg = Release|Any CPU
		{682A76C9-B938-46DE-B253-7AF6A812FD13}.Release|Any CPU.Build.0 = Release|Any CPU
		{61EDE0D9-F3F7-46CF-9E2F-AE8BE12933D8}.Debug|Any CPU.ActiveCfg = Debug|Any CPU
		{61EDE0D9-F3F7-46CF-9E2F-AE8BE12933D8}.Debug|Any CPU.Build.0 = Debug|Any CPU
		{61EDE0D9-F3F7-46CF-9E2F-AE8BE12933D8}.Release|Any CPU.ActiveCfg = Release|Any CPU
		{61EDE0D9-F3F7-46CF-9E2F-AE8BE12933D8}.Release|Any CPU.Build.0 = Release|Any CPU
		{CE911BFE-F7CB-4BDC-AC53-7D3E86457BFA}.Debug|Any CPU.ActiveCfg = Debug|Any CPU
		{CE911BFE-F7CB-4BDC-AC53-7D3E86457BFA}.Debug|Any CPU.Build.0 = Debug|Any CPU
		{CE911BFE-F7CB-4BDC-AC53-7D3E86457BFA}.Release|Any CPU.ActiveCfg = Release|Any CPU
		{CE911BFE-F7CB-4BDC-AC53-7D3E86457BFA}.Release|Any CPU.Build.0 = Release|Any CPU
		{FC953C4A-9376-4536-B7FD-2BDD1E2063EB}.Debug|Any CPU.ActiveCfg = Debug|Any CPU
		{FC953C4A-9376-4536-B7FD-2BDD1E2063EB}.Debug|Any CPU.Build.0 = Debug|Any CPU
		{FC953C4A-9376-4536-B7FD-2BDD1E2063EB}.Release|Any CPU.ActiveCfg = Release|Any CPU
		{FC953C4A-9376-4536-B7FD-2BDD1E2063EB}.Release|Any CPU.Build.0 = Release|Any CPU
		{38760D07-400C-4F44-BA4C-E2FD54B94580}.Debug|Any CPU.ActiveCfg = Debug|Any CPU
		{38760D07-400C-4F44-BA4C-E2FD54B94580}.Debug|Any CPU.Build.0 = Debug|Any CPU
		{38760D07-400C-4F44-BA4C-E2FD54B94580}.Release|Any CPU.ActiveCfg = Release|Any CPU
		{38760D07-400C-4F44-BA4C-E2FD54B94580}.Release|Any CPU.Build.0 = Release|Any CPU
	EndGlobalSection
	GlobalSection(SolutionProperties) = preSolution
		HideSolutionNode = FALSE
	EndGlobalSection
	GlobalSection(ExtensibilityGlobals) = postSolution
		SolutionGuid = {E2F1AF90-A2E9-4219-AF3F-A2D23BEAD050}
	EndGlobalSection
EndGlobal
